
Microsoft Visual Studio Solution File, Format Version 12.00
# Visual Studio Version 17
VisualStudioVersion = 17.10.35013.160
MinimumVisualStudioVersion = 10.0.40219.1
Project("{9A19103F-16F7-4668-BE54-9A1E7A4F7556}") = "EducationERP", "EducationERP\EducationERP.csproj", "{F4205A5C-F13E-45F9-96B4-1CD27E1337BB}"
EndProject
Project("{9A19103F-16F7-4668-BE54-9A1E7A4F7556}") = "Raketa", "..\..\..\OneDrive\Desktop\Raketa\Raketa\Raketa.csproj", "{BCB73A1E-6020-4A85-92E1-853C9231FA79}"
EndProject
Global
	GlobalSection(SolutionConfigurationPlatforms) = preSolution
		Debug|Any CPU = Debug|Any CPU
		Release|Any CPU = Release|Any CPU
	EndGlobalSection
	GlobalSection(ProjectConfigurationPlatforms) = postSolution
		{F4205A5C-F13E-45F9-96B4-1CD27E1337BB}.Debug|Any CPU.ActiveCfg = Debug|Any CPU
		{F4205A5C-F13E-45F9-96B4-1CD27E1337BB}.Debug|Any CPU.Build.0 = Debug|Any CPU
		{F4205A5C-F13E-45F9-96B4-1CD27E1337BB}.Release|Any CPU.ActiveCfg = Release|Any CPU
		{F4205A5C-F13E-45F9-96B4-1CD27E1337BB}.Release|Any CPU.Build.0 = Release|Any CPU
		{BCB73A1E-6020-4A85-92E1-853C9231FA79}.Debug|Any CPU.ActiveCfg = Debug|Any CPU
		{BCB73A1E-6020-4A85-92E1-853C9231FA79}.Debug|Any CPU.Build.0 = Debug|Any CPU
		{BCB73A1E-6020-4A85-92E1-853C9231FA79}.Release|Any CPU.ActiveCfg = Release|Any CPU
		{BCB73A1E-6020-4A85-92E1-853C9231FA79}.Release|Any CPU.Build.0 = Release|Any CPU
	EndGlobalSection
	GlobalSection(SolutionProperties) = preSolution
		HideSolutionNode = FALSE
	EndGlobalSection
	GlobalSection(ExtensibilityGlobals) = postSolution
		SolutionGuid = {21B100AA-698B-4FDA-9C58-9F39516D10C8}
	EndGlobalSection
EndGlobal
